
Microsoft Visual Studio Solution File, Format Version 11.00
# Visual Studio 2010
Project("{FAE04EC0-301F-11D3-BF4B-00C04F79EFBC}") = "OCodeHtm GUI", "OCodeHtmMain\OCodeHtm GUI.csproj", "{954B827A-32D7-4067-BA6D-3D2F2EB46EE5}"
EndProject
Project("{FAE04EC0-301F-11D3-BF4B-00C04F79EFBC}") = "OCodeHtm", "OCodeHtm\OCodeHtm.csproj", "{3855B0A7-9FBA-4103-9B4C-62805D5D2F83}"
EndProject
Project("{F088123C-0E9E-452A-89E6-6BA2F21D5CAC}") = "UML Model", "UmlModel\UML Model.modelproj", "{C98913DD-5E51-4965-A471-653D466FC8F2}"
EndProject
Project("{2150E333-8FDC-42A3-9474-1A3956D46DE8}") = "Solution Items", "Solution Items", "{54E05998-E912-4D44-A64B-A167A48D7936}"
	ProjectSection(SolutionItems) = preProject
		Local.testsettings = Local.testsettings
		OCodeHtm.vsmdi = OCodeHtm.vsmdi
		TestSettings.testsettings = TestSettings.testsettings
	EndProjectSection
EndProject
Project("{2150E333-8FDC-42A3-9474-1A3956D46DE8}") = "Model+Tests", "Model+Tests", "{67C2635A-C636-4EDA-A3B9-8B53C9A3DB17}"
EndProject
Project("{2150E333-8FDC-42A3-9474-1A3956D46DE8}") = "libs", "libs", "{617BABFE-731D-4B72-AB3D-C9F86EDDE6DF}"
	ProjectSection(SolutionItems) = preProject
		lib\MathNet.Numerics.dll = lib\MathNet.Numerics.dll
	EndProjectSection
EndProject
Project("{FAE04EC0-301F-11D3-BF4B-00C04F79EFBC}") = "Integration Tests", "IntegrationTests\Integration Tests.csproj", "{087973C6-0990-4FAF-BE45-E3ECEBAF8587}"
EndProject
Project("{FAE04EC0-301F-11D3-BF4B-00C04F79EFBC}") = "Unit Tests", "UnitTests\Unit Tests.csproj", "{955DB3E4-66AC-4474-87C7-AEDF9ACB42CA}"
EndProject
Project("{FAE04EC0-301F-11D3-BF4B-00C04F79EFBC}") = "TestApp", "TestApp\TestApp.csproj", "{A6DD5D2B-DAF3-45D4-85AF-9B594D7B06E6}"
EndProject
Global
	GlobalSection(TestCaseManagementSettings) = postSolution
		CategoryFile = OCodeHtm.vsmdi
	EndGlobalSection
	GlobalSection(SolutionConfigurationPlatforms) = preSolution
		Debug|Any CPU = Debug|Any CPU
		Debug|Mixed Platforms = Debug|Mixed Platforms
		Debug|x86 = Debug|x86
		Release|Any CPU = Release|Any CPU
		Release|Mixed Platforms = Release|Mixed Platforms
		Release|x86 = Release|x86
	EndGlobalSection
	GlobalSection(ProjectConfigurationPlatforms) = postSolution
		{954B827A-32D7-4067-BA6D-3D2F2EB46EE5}.Debug|Any CPU.ActiveCfg = Debug|Any CPU
		{954B827A-32D7-4067-BA6D-3D2F2EB46EE5}.Debug|Any CPU.Build.0 = Debug|Any CPU
		{954B827A-32D7-4067-BA6D-3D2F2EB46EE5}.Debug|Mixed Platforms.ActiveCfg = Debug|Any CPU
		{954B827A-32D7-4067-BA6D-3D2F2EB46EE5}.Debug|Mixed Platforms.Build.0 = Debug|Any CPU
		{954B827A-32D7-4067-BA6D-3D2F2EB46EE5}.Debug|x86.ActiveCfg = Debug|x86
		{954B827A-32D7-4067-BA6D-3D2F2EB46EE5}.Debug|x86.Build.0 = Debug|x86
		{954B827A-32D7-4067-BA6D-3D2F2EB46EE5}.Release|Any CPU.ActiveCfg = Release|Any CPU
		{954B827A-32D7-4067-BA6D-3D2F2EB46EE5}.Release|Any CPU.Build.0 = Release|Any CPU
		{954B827A-32D7-4067-BA6D-3D2F2EB46EE5}.Release|Mixed Platforms.ActiveCfg = Release|Any CPU
		{954B827A-32D7-4067-BA6D-3D2F2EB46EE5}.Release|Mixed Platforms.Build.0 = Release|Any CPU
		{954B827A-32D7-4067-BA6D-3D2F2EB46EE5}.Release|x86.ActiveCfg = Release|x86
		{954B827A-32D7-4067-BA6D-3D2F2EB46EE5}.Release|x86.Build.0 = Release|x86
		{3855B0A7-9FBA-4103-9B4C-62805D5D2F83}.Debug|Any CPU.ActiveCfg = Debug|Any CPU
		{3855B0A7-9FBA-4103-9B4C-62805D5D2F83}.Debug|Any CPU.Build.0 = Debug|Any CPU
		{3855B0A7-9FBA-4103-9B4C-62805D5D2F83}.Debug|Mixed Platforms.ActiveCfg = Debug|Any CPU
		{3855B0A7-9FBA-4103-9B4C-62805D5D2F83}.Debug|Mixed Platforms.Build.0 = Debug|Any CPU
		{3855B0A7-9FBA-4103-9B4C-62805D5D2F83}.Debug|x86.ActiveCfg = Debug|Any CPU
		{3855B0A7-9FBA-4103-9B4C-62805D5D2F83}.Release|Any CPU.ActiveCfg = Release|Any CPU
		{3855B0A7-9FBA-4103-9B4C-62805D5D2F83}.Release|Any CPU.Build.0 = Release|Any CPU
		{3855B0A7-9FBA-4103-9B4C-62805D5D2F83}.Release|Mixed Platforms.ActiveCfg = Release|Any CPU
		{3855B0A7-9FBA-4103-9B4C-62805D5D2F83}.Release|Mixed Platforms.Build.0 = Release|Any CPU
		{3855B0A7-9FBA-4103-9B4C-62805D5D2F83}.Release|x86.ActiveCfg = Release|Any CPU
		{C98913DD-5E51-4965-A471-653D466FC8F2}.Debug|Any CPU.ActiveCfg = Debug|Any CPU
		{C98913DD-5E51-4965-A471-653D466FC8F2}.Debug|Any CPU.Build.0 = Debug|Any CPU
		{C98913DD-5E51-4965-A471-653D466FC8F2}.Debug|Mixed Platforms.ActiveCfg = Debug|Any CPU
		{C98913DD-5E51-4965-A471-653D466FC8F2}.Debug|Mixed Platforms.Build.0 = Debug|Any CPU
		{C98913DD-5E51-4965-A471-653D466FC8F2}.Debug|x86.ActiveCfg = Debug|Any CPU
		{C98913DD-5E51-4965-A471-653D466FC8F2}.Release|Any CPU.ActiveCfg = Release|Any CPU
		{C98913DD-5E51-4965-A471-653D466FC8F2}.Release|Any CPU.Build.0 = Release|Any CPU
		{C98913DD-5E51-4965-A471-653D466FC8F2}.Release|Mixed Platforms.ActiveCfg = Release|Any CPU
		{C98913DD-5E51-4965-A471-653D466FC8F2}.Release|Mixed Platforms.Build.0 = Release|Any CPU
		{C98913DD-5E51-4965-A471-653D466FC8F2}.Release|x86.ActiveCfg = Release|Any CPU
		{087973C6-0990-4FAF-BE45-E3ECEBAF8587}.Debug|Any CPU.ActiveCfg = Debug|Any CPU
		{087973C6-0990-4FAF-BE45-E3ECEBAF8587}.Debug|Any CPU.Build.0 = Debug|Any CPU
		{087973C6-0990-4FAF-BE45-E3ECEBAF8587}.Debug|Mixed Platforms.ActiveCfg = Debug|Any CPU
		{087973C6-0990-4FAF-BE45-E3ECEBAF8587}.Debug|Mixed Platforms.Build.0 = Debug|Any CPU
		{087973C6-0990-4FAF-BE45-E3ECEBAF8587}.Debug|x86.ActiveCfg = Debug|Any CPU
		{087973C6-0990-4FAF-BE45-E3ECEBAF8587}.Release|Any CPU.ActiveCfg = Release|Any CPU
		{087973C6-0990-4FAF-BE45-E3ECEBAF8587}.Release|Any CPU.Build.0 = Release|Any CPU
		{087973C6-0990-4FAF-BE45-E3ECEBAF8587}.Release|Mixed Platforms.ActiveCfg = Release|Any CPU
		{087973C6-0990-4FAF-BE45-E3ECEBAF8587}.Release|Mixed Platforms.Build.0 = Release|Any CPU
		{087973C6-0990-4FAF-BE45-E3ECEBAF8587}.Release|x86.ActiveCfg = Release|Any CPU
		{955DB3E4-66AC-4474-87C7-AEDF9ACB42CA}.Debug|Any CPU.ActiveCfg = Debug|Any CPU
		{955DB3E4-66AC-4474-87C7-AEDF9ACB42CA}.Debug|Any CPU.Build.0 = Debug|Any CPU
		{955DB3E4-66AC-4474-87C7-AEDF9ACB42CA}.Debug|Mixed Platforms.ActiveCfg = Debug|Any CPU
		{955DB3E4-66AC-4474-87C7-AEDF9ACB42CA}.Debug|Mixed Platforms.Build.0 = Debug|Any CPU
		{955DB3E4-66AC-4474-87C7-AEDF9ACB42CA}.Debug|x86.ActiveCfg = Debug|Any CPU
		{955DB3E4-66AC-4474-87C7-AEDF9ACB42CA}.Release|Any CPU.ActiveCfg = Release|Any CPU
		{955DB3E4-66AC-4474-87C7-AEDF9ACB42CA}.Release|Any CPU.Build.0 = Release|Any CPU
		{955DB3E4-66AC-4474-87C7-AEDF9ACB42CA}.Release|Mixed Platforms.ActiveCfg = Release|Any CPU
		{955DB3E4-66AC-4474-87C7-AEDF9ACB42CA}.Release|Mixed Platforms.Build.0 = Release|Any CPU
		{955DB3E4-66AC-4474-87C7-AEDF9ACB42CA}.Release|x86.ActiveCfg = Release|Any CPU
		{A6DD5D2B-DAF3-45D4-85AF-9B594D7B06E6}.Debug|Any CPU.ActiveCfg = Debug|x86
		{A6DD5D2B-DAF3-45D4-85AF-9B594D7B06E6}.Debug|Mixed Platforms.ActiveCfg = Debug|x86
		{A6DD5D2B-DAF3-45D4-85AF-9B594D7B06E6}.Debug|Mixed Platforms.Build.0 = Debug|x86
		{A6DD5D2B-DAF3-45D4-85AF-9B594D7B06E6}.Debug|x86.ActiveCfg = Debug|x86
		{A6DD5D2B-DAF3-45D4-85AF-9B594D7B06E6}.Debug|x86.Build.0 = Debug|x86
		{A6DD5D2B-DAF3-45D4-85AF-9B594D7B06E6}.Release|Any CPU.ActiveCfg = Release|x86
		{A6DD5D2B-DAF3-45D4-85AF-9B594D7B06E6}.Release|Mixed Platforms.ActiveCfg = Release|x86
		{A6DD5D2B-DAF3-45D4-85AF-9B594D7B06E6}.Release|Mixed Platforms.Build.0 = Release|x86
		{A6DD5D2B-DAF3-45D4-85AF-9B594D7B06E6}.Release|x86.ActiveCfg = Release|x86
		{A6DD5D2B-DAF3-45D4-85AF-9B594D7B06E6}.Release|x86.Build.0 = Release|x86
	EndGlobalSection
	GlobalSection(SolutionProperties) = preSolution
		HideSolutionNode = FALSE
	EndGlobalSection
	GlobalSection(NestedProjects) = preSolution
		{54E05998-E912-4D44-A64B-A167A48D7936} = {67C2635A-C636-4EDA-A3B9-8B53C9A3DB17}
		{C98913DD-5E51-4965-A471-653D466FC8F2} = {67C2635A-C636-4EDA-A3B9-8B53C9A3DB17}
		{087973C6-0990-4FAF-BE45-E3ECEBAF8587} = {67C2635A-C636-4EDA-A3B9-8B53C9A3DB17}
		{955DB3E4-66AC-4474-87C7-AEDF9ACB42CA} = {67C2635A-C636-4EDA-A3B9-8B53C9A3DB17}
	EndGlobalSection
EndGlobal
